
Microsoft Visual Studio Solution File, Format Version 12.00
# Visual Studio Version 16
VisualStudioVersion = 16.0.31829.152
MinimumVisualStudioVersion = 10.0.40219.1
Project("{FAE04EC0-301F-11D3-BF4B-00C04F79EFBC}") = "iRacingSound", "iRacingSound\iRacingSound.csproj", "{21A68290-4EB6-400E-AFA5-0FBFD06F660C}"
EndProject
Global
	GlobalSection(SolutionConfigurationPlatforms) = preSolution
		Debug|Any CPU = Debug|Any CPU
		Release|Any CPU = Release|Any CPU
	EndGlobalSection
	GlobalSection(ProjectConfigurationPlatforms) = postSolution
		{21A68290-4EB6-400E-AFA5-0FBFD06F660C}.Debug|Any CPU.ActiveCfg = Debug|Any CPU
		{21A68290-4EB6-400E-AFA5-0FBFD06F660C}.Debug|Any CPU.Build.0 = Debug|Any CPU
		{21A68290-4EB6-400E-AFA5-0FBFD06F660C}.Release|Any CPU.ActiveCfg = Release|Any CPU
		{21A68290-4EB6-400E-AFA5-0FBFD06F660C}.Release|Any CPU.Build.0 = Release|Any CPU
	EndGlobalSection
	GlobalSection(SolutionProperties) = preSolution
		HideSolutionNode = FALSE
	EndGlobalSection
	GlobalSection(ExtensibilityGlobals) = postSolution
		SolutionGuid = {A1E456A1-62F9-476D-8B42-3B67C00DD99D}
	EndGlobalSection
EndGlobal
